
Microsoft Visual Studio Solution File, Format Version 12.00
# Visual Studio 2013
VisualStudioVersion = 12.0.31101.0
MinimumVisualStudioVersion = 10.0.40219.1
Project("{FAE04EC0-301F-11D3-BF4B-00C04F79EFBC}") = "Smali2Skeleton", "Smali2Skeleton\Smali2Skeleton.csproj", "{4CE74F3B-84A6-491B-B3FE-567B06969FCE}"
EndProject
Project("{2150E333-8FDC-42A3-9474-1A3956D46DE8}") = ".nuget", ".nuget", "{A1C7E332-324C-4010-A442-920EE5F2119D}"
	ProjectSection(SolutionItems) = preProject
		.nuget\packages.config = .nuget\packages.config
	EndProjectSection
EndProject
Global
	GlobalSection(SolutionConfigurationPlatforms) = preSolution
		Debug|Any CPU = Debug|Any CPU
		Release|Any CPU = Release|Any CPU
	EndGlobalSection
	GlobalSection(ProjectConfigurationPlatforms) = postSolution
		{4CE74F3B-84A6-491B-B3FE-567B06969FCE}.Debug|Any CPU.ActiveCfg = Debug|Any CPU
		{4CE74F3B-84A6-491B-B3FE-567B06969FCE}.Debug|Any CPU.Build.0 = Debug|Any CPU
		{4CE74F3B-84A6-491B-B3FE-567B06969FCE}.Release|Any CPU.ActiveCfg = Release|Any CPU
		{4CE74F3B-84A6-491B-B3FE-567B06969FCE}.Release|Any CPU.Build.0 = Release|Any CPU
	EndGlobalSection
	GlobalSection(SolutionProperties) = preSolution
		HideSolutionNode = FALSE
	EndGlobalSection
EndGlobal
